
Microsoft Visual Studio Solution File, Format Version 12.00
# Visual Studio Version 17
VisualStudioVersion = 17.8.34511.84
MinimumVisualStudioVersion = 10.0.40219.1
Project("{FAE04EC0-301F-11D3-BF4B-00C04F79EFBC}") = "calculadora form", "calculadora form\calculadora form.csproj", "{24600790-CFE1-4298-8907-B82D823BE2CA}"
EndProject
Global
	GlobalSection(SolutionConfigurationPlatforms) = preSolution
		Debug|Any CPU = Debug|Any CPU
		Release|Any CPU = Release|Any CPU
	EndGlobalSection
	GlobalSection(ProjectConfigurationPlatforms) = postSolution
		{24600790-CFE1-4298-8907-B82D823BE2CA}.Debug|Any CPU.ActiveCfg = Debug|Any CPU
		{24600790-CFE1-4298-8907-B82D823BE2CA}.Debug|Any CPU.Build.0 = Debug|Any CPU
		{24600790-CFE1-4298-8907-B82D823BE2CA}.Release|Any CPU.ActiveCfg = Release|Any CPU
		{24600790-CFE1-4298-8907-B82D823BE2CA}.Release|Any CPU.Build.0 = Release|Any CPU
	EndGlobalSection
	GlobalSection(SolutionProperties) = preSolution
		HideSolutionNode = FALSE
	EndGlobalSection
	GlobalSection(ExtensibilityGlobals) = postSolution
		SolutionGuid = {CEF618EE-C96C-48A0-9633-02DA2FE12B47}
	EndGlobalSection
EndGlobal
